Microsoft Visual Studio Solution File, Format Version 11.00
# Visual Studio 2008

Project("{BFEDD496-C42C-BFA6-6733-CEB4014B8D72}") = "UISample", "Assembly-CSharp.csproj", "{0390FA5E-D3BC-9F3D-4D7B-79B3676BC664}"
EndProject
Global
	GlobalSection(SolutionConfigurationPlatforms) = preSolution
		Debug|Any CPU = Debug|Any CPU
		Release|Any CPU = Release|Any CPU
	EndGlobalSection
	GlobalSection(ProjectConfigurationPlatforms) = postSolution
		{0390FA5E-D3BC-9F3D-4D7B-79B3676BC664}.Debug|Any CPU.ActiveCfg = Debug|Any CPU
		{0390FA5E-D3BC-9F3D-4D7B-79B3676BC664}.Debug|Any CPU.Build.0 = Debug|Any CPU
		{0390FA5E-D3BC-9F3D-4D7B-79B3676BC664}.Release|Any CPU.ActiveCfg = Release|Any CPU
		{0390FA5E-D3BC-9F3D-4D7B-79B3676BC664}.Release|Any CPU.Build.0 = Release|Any CPU
	EndGlobalSection
	GlobalSection(SolutionProperties) = preSolution
		HideSolutionNode = FALSE
	EndGlobalSection
	GlobalSection(MonoDevelopProperties) = preSolution
		StartupItem = Assembly-CSharp.csproj
	EndGlobalSection
EndGlobal
